
Microsoft Visual Studio Solution File, Format Version 12.00
# Visual Studio 15
VisualStudioVersion = 15.0.28010.2050
MinimumVisualStudioVersion = 10.0.40219.1
Project("{9A19103F-16F7-4668-BE54-9A1E7A4F7556}") = "PlayingWithGenericHost", "PlayingWithGenericHost\PlayingWithGenericHost.csproj", "{F4248591-A32F-494D-8060-470A05D264D8}"
EndProject
Project("{2150E333-8FDC-42A3-9474-1A3956D46DE8}") = "Solution Items", "Solution Items", "{1A16A2CE-DC48-4FE2-959D-3E2DF77165DE}"
	ProjectSection(SolutionItems) = preProject
		PublishAsWinService.bat = PublishAsWinService.bat
		README.md = README.md
		WinServiceCommands.bat = WinServiceCommands.bat
	EndProjectSection
EndProject
Global
	GlobalSection(SolutionConfigurationPlatforms) = preSolution
		Debug|Any CPU = Debug|Any CPU
		Release|Any CPU = Release|Any CPU
	EndGlobalSection
	GlobalSection(ProjectConfigurationPlatforms) = postSolution
		{F4248591-A32F-494D-8060-470A05D264D8}.Debug|Any CPU.ActiveCfg = Debug|Any CPU
		{F4248591-A32F-494D-8060-470A05D264D8}.Debug|Any CPU.Build.0 = Debug|Any CPU
		{F4248591-A32F-494D-8060-470A05D264D8}.Release|Any CPU.ActiveCfg = Release|Any CPU
		{F4248591-A32F-494D-8060-470A05D264D8}.Release|Any CPU.Build.0 = Release|Any CPU
	EndGlobalSection
	GlobalSection(SolutionProperties) = preSolution
		HideSolutionNode = FALSE
	EndGlobalSection
	GlobalSection(ExtensibilityGlobals) = postSolution
		SolutionGuid = {1DB162C1-D932-4329-9B8E-6C767971A364}
	EndGlobalSection
EndGlobal
